// !$*UTF8*$!
{
	archiveVersion = 1;
	classes = {
	};
	objectVersion = 55;
	objects = {

/* Begin PBXBuildFile section */
		6A06EC0527990FBE007042F6 /* BadgeSymbol.swift in Sources */ = {isa = PBXBuildFile; fileRef = 6A06EC0427990FBE007042F6 /* BadgeSymbol.swift */; };
		6A06EC0727991782007042F6 /* RotatedBadgeSymbol.swift in Sources */ = {isa = PBXBuildFile; fileRef = 6A06EC0627991782007042F6 /* RotatedBadgeSymbol.swift */; };
		6A06EC09279959CA007042F6 /* Badge.swift in Sources */ = {isa = PBXBuildFile; fileRef = 6A06EC08279959CA007042F6 /* Badge.swift */; };
		6A06EC0E27997F20007042F6 /* hikeData.json in Resources */ = {isa = PBXBuildFile; fileRef = 6A06EC0D27997F20007042F6 /* hikeData.json */; };
		6A06EC1027997F5D007042F6 /* Hike.swift in Sources */ = {isa = PBXBuildFile; fileRef = 6A06EC0F27997F5D007042F6 /* Hike.swift */; };
		6A06EC1627998192007042F6 /* GraphCapsule.swift in Sources */ = {isa = PBXBuildFile; fileRef = 6A06EC1227998192007042F6 /* GraphCapsule.swift */; };
		6A06EC1727998192007042F6 /* HikeGraph.swift in Sources */ = {isa = PBXBuildFile; fileRef = 6A06EC1327998192007042F6 /* HikeGraph.swift */; };
		6A06EC1827998192007042F6 /* HikeDetail.swift in Sources */ = {isa = PBXBuildFile; fileRef = 6A06EC1427998192007042F6 /* HikeDetail.swift */; };
		6A06EC1927998192007042F6 /* HikeView.swift in Sources */ = {isa = PBXBuildFile; fileRef = 6A06EC1527998192007042F6 /* HikeView.swift */; };
		6A06EC1C279CF9DB007042F6 /* CategoryHome.swift in Sources */ = {isa = PBXBuildFile; fileRef = 6A06EC1B279CF9DB007042F6 /* CategoryHome.swift */; };
		6A2BF73E278EB7EF0016184A /* SwiftUI_Tutorial_LandmarksApp.swift in Sources */ = {isa = PBXBuildFile; fileRef = 6A2BF73D278EB7EF0016184A /* SwiftUI_Tutorial_LandmarksApp.swift */; };
		6A2BF740278EB7EF0016184A /* ContentView.swift in Sources */ = {isa = PBXBuildFile; fileRef = 6A2BF73F278EB7EF0016184A /* ContentView.swift */; };
		6A2BF742278EB7F00016184A /* Assets.xcassets in Resources */ = {isa = PBXBuildFile; fileRef = 6A2BF741278EB7F00016184A /* Assets.xcassets */; };
		6A2BF745278EB7F00016184A /* Preview Assets.xcassets in Resources */ = {isa = PBXBuildFile; fileRef = 6A2BF744278EB7F00016184A /* Preview Assets.xcassets */; };
		6A55BFD4278EC87E0008CE45 /* landmarkData.json in Resources */ = {isa = PBXBuildFile; fileRef = 6A55BFD3278EC87E0008CE45 /* landmarkData.json */; };
		6A55BFD7278EC9C70008CE45 /* Landmark.swift in Sources */ = {isa = PBXBuildFile; fileRef = 6A55BFD6278EC9C70008CE45 /* Landmark.swift */; };
		6A55BFD9278ECDA30008CE45 /* ModelData.swift in Sources */ = {isa = PBXBuildFile; fileRef = 6A55BFD8278ECDA30008CE45 /* ModelData.swift */; };
		6A55BFDD278ED3820008CE45 /* LandmarkRow.swift in Sources */ = {isa = PBXBuildFile; fileRef = 6A55BFDC278ED3820008CE45 /* LandmarkRow.swift */; };
		6A55BFDF278EE7110008CE45 /* LandmarkList.swift in Sources */ = {isa = PBXBuildFile; fileRef = 6A55BFDE278EE7110008CE45 /* LandmarkList.swift */; };
		6A55BFE1278EEE740008CE45 /* LandmarkDetail.swift in Sources */ = {isa = PBXBuildFile; fileRef = 6A55BFE0278EEE740008CE45 /* LandmarkDetail.swift */; };
		6A672AE7278EBC60007D9780 /* MapView.swift in Sources */ = {isa = PBXBuildFile; fileRef = 6A672AE6278EBC60007D9780 /* MapView.swift */; };
		6AA2F6B0278EBA5400562663 /* CircleImage.swift in Sources */ = {isa = PBXBuildFile; fileRef = 6AA2F6AF278EBA5400562663 /* CircleImage.swift */; };
		6ABE2A3B27930E9F003FE0C0 /* FavoriteButton.swift in Sources */ = {isa = PBXBuildFile; fileRef = 6ABE2A3A27930E9F003FE0C0 /* FavoriteButton.swift */; };
		6ABE2A41279549CC003FE0C0 /* HexagonParameters.swift in Sources */ = {isa = PBXBuildFile; fileRef = 6ABE2A40279549CC003FE0C0 /* HexagonParameters.swift */; };
		6ABE2A4327954F68003FE0C0 /* BadgeBackground.swift in Sources */ = {isa = PBXBuildFile; fileRef = 6ABE2A4227954F68003FE0C0 /* BadgeBackground.swift */; };
		6AFF8D9B279CFD21009B1E21 /* CategoryRow.swift in Sources */ = {isa = PBXBuildFile; fileRef = 6AFF8D9A279CFD21009B1E21 /* CategoryRow.swift */; };
		6AFF8D9D279CFF87009B1E21 /* CategoryItem.swift in Sources */ = {isa = PBXBuildFile; fileRef = 6AFF8D9C279CFF87009B1E21 /* CategoryItem.swift */; };
/* End PBXBuildFile section */

/* Begin PBXFileReference section */
		6A06EC0427990FBE007042F6 /* BadgeSymbol.swift */ = {isa = PBXFileReference; lastKnownFileType = sourcecode.swift; path = BadgeSymbol.swift; sourceTree = "<group>"; };
		6A06EC0627991782007042F6 /* RotatedBadgeSymbol.swift */ = {isa = PBXFileReference; lastKnownFileType = sourcecode.swift; path = RotatedBadgeSymbol.swift; sourceTree = "<group>"; };
		6A06EC08279959CA007042F6 /* Badge.swift */ = {isa = PBXFileReference; lastKnownFileType = sourcecode.swift; path = Badge.swift; sourceTree = "<group>"; };
		6A06EC0D27997F20007042F6 /* hikeData.json */ = {isa = PBXFileReference; fileEncoding = 4; lastKnownFileType = text.json; path = hikeData.json; sourceTree = "<group>"; };
		6A06EC0F27997F5D007042F6 /* Hike.swift */ = {isa = PBXFileReference; lastKnownFileType = sourcecode.swift; path = Hike.swift; sourceTree = "<group>"; };
		6A06EC1227998192007042F6 /* GraphCapsule.swift */ = {isa = PBXFileReference; fileEncoding = 4; lastKnownFileType = sourcecode.swift; path = GraphCapsule.swift; sourceTree = "<group>"; };
		6A06EC1327998192007042F6 /* HikeGraph.swift */ = {isa = PBXFileReference; fileEncoding = 4; lastKnownFileType = sourcecode.swift; path = HikeGraph.swift; sourceTree = "<group>"; };
		6A06EC1427998192007042F6 /* HikeDetail.swift */ = {isa = PBXFileReference; fileEncoding = 4; lastKnownFileType = sourcecode.swift; path = HikeDetail.swift; sourceTree = "<group>"; };
		6A06EC1527998192007042F6 /* HikeView.swift */ = {isa = PBXFileReference; fileEncoding = 4; lastKnownFileType = sourcecode.swift; path = HikeView.swift; sourceTree = "<group>"; };
		6A06EC1B279CF9DB007042F6 /* CategoryHome.swift */ = {isa = PBXFileReference; lastKnownFileType = sourcecode.swift; path = CategoryHome.swift; sourceTree = "<group>"; };
		6A2BF73A278EB7EF0016184A /* SwiftUI-Tutorial-Landmarks.app */ = {isa = PBXFileReference; explicitFileType = wrapper.application; includeInIndex = 0; path = "SwiftUI-Tutorial-Landmarks.app"; sourceTree = BUILT_PRODUCTS_DIR; };
		6A2BF73D278EB7EF0016184A /* SwiftUI_Tutorial_LandmarksApp.swift */ = {isa = PBXFileReference; lastKnownFileType = sourcecode.swift; path = SwiftUI_Tutorial_LandmarksApp.swift; sourceTree = "<group>"; };
		6A2BF73F278EB7EF0016184A /* ContentView.swift */ = {isa = PBXFileReference; lastKnownFileType = sourcecode.swift; path = ContentView.swift; sourceTree = "<group>"; };
		6A2BF741278EB7F00016184A /* Assets.xcassets */ = {isa = PBXFileReference; lastKnownFileType = folder.assetcatalog; path = Assets.xcassets; sourceTree = "<group>"; };
		6A2BF744278EB7F00016184A /* Preview Assets.xcassets */ = {isa = PBXFileReference; lastKnownFileType = folder.assetcatalog; path = "Preview Assets.xcassets"; sourceTree = "<group>"; };
		6A55BFD3278EC87E0008CE45 /* landmarkData.json */ = {isa = PBXFileReference; fileEncoding = 4; lastKnownFileType = text.json; path = landmarkData.json; sourceTree = "<group>"; };
		6A55BFD6278EC9C70008CE45 /* Landmark.swift */ = {isa = PBXFileReference; lastKnownFileType = sourcecode.swift; path = Landmark.swift; sourceTree = "<group>"; };
		6A55BFD8278ECDA30008CE45 /* ModelData.swift */ = {isa = PBXFileReference; lastKnownFileType = sourcecode.swift; path = ModelData.swift; sourceTree = "<group>"; };
		6A55BFDC278ED3820008CE45 /* LandmarkRow.swift */ = {isa = PBXFileReference; lastKnownFileType = sourcecode.swift; path = LandmarkRow.swift; sourceTree = "<group>"; };
		6A55BFDE278EE7110008CE45 /* LandmarkList.swift */ = {isa = PBXFileReference; lastKnownFileType = sourcecode.swift; path = LandmarkList.swift; sourceTree = "<group>"; };
		6A55BFE0278EEE740008CE45 /* LandmarkDetail.swift */ = {isa = PBXFileReference; lastKnownFileType = sourcecode.swift; path = LandmarkDetail.swift; sourceTree = "<group>"; };
		6A672AE6278EBC60007D9780 /* MapView.swift */ = {isa = PBXFileReference; lastKnownFileType = sourcecode.swift; path = MapView.swift; sourceTree = "<group>"; };
		6AA2F6AF278EBA5400562663 /* CircleImage.swift */ = {isa = PBXFileReference; lastKnownFileType = sourcecode.swift; path = CircleImage.swift; sourceTree = "<group>"; };
		6ABE2A3A27930E9F003FE0C0 /* FavoriteButton.swift */ = {isa = PBXFileReference; lastKnownFileType = sourcecode.swift; path = FavoriteButton.swift; sourceTree = "<group>"; };
		6ABE2A3F27954310003FE0C0 /* SwiftUI-Tutorial-Landmarks.entitlements */ = {isa = PBXFileReference; lastKnownFileType = text.plist.entitlements; path = "SwiftUI-Tutorial-Landmarks.entitlements"; sourceTree = "<group>"; };
		6ABE2A40279549CC003FE0C0 /* HexagonParameters.swift */ = {isa = PBXFileReference; lastKnownFileType = sourcecode.swift; path = HexagonParameters.swift; sourceTree = "<group>"; };
		6ABE2A4227954F68003FE0C0 /* BadgeBackground.swift */ = {isa = PBXFileReference; lastKnownFileType = sourcecode.swift; path = BadgeBackground.swift; sourceTree = "<group>"; };
		6AFF8D9A279CFD21009B1E21 /* CategoryRow.swift */ = {isa = PBXFileReference; lastKnownFileType = sourcecode.swift; path = CategoryRow.swift; sourceTree = "<group>"; };
		6AFF8D9C279CFF87009B1E21 /* CategoryItem.swift */ = {isa = PBXFileReference; lastKnownFileType = sourcecode.swift; path = CategoryItem.swift; sourceTree = "<group>"; };
/* End PBXFileReference section */

/* Begin PBXFrameworksBuildPhase section */
		6A2BF737278EB7EF0016184A /* Frameworks */ = {
			isa = PBXFrameworksBuildPhase;
			buildActionMask = 2147483647;
			files = (
			);
			runOnlyForDeploymentPostprocessing = 0;
		};
/* End PBXFrameworksBuildPhase section */

/* Begin PBXGroup section */
		6A06EC0A27996B56007042F6 /* BadgeViews */ = {
			isa = PBXGroup;
			children = (
				6ABE2A40279549CC003FE0C0 /* HexagonParameters.swift */,
				6ABE2A4227954F68003FE0C0 /* BadgeBackground.swift */,
				6A06EC0427990FBE007042F6 /* BadgeSymbol.swift */,
				6A06EC0627991782007042F6 /* RotatedBadgeSymbol.swift */,
				6A06EC08279959CA007042F6 /* Badge.swift */,
			);
			path = BadgeViews;
			sourceTree = "<group>";
		};
		6A06EC1127998192007042F6 /* HikeGraphViews */ = {
			isa = PBXGroup;
			children = (
				6A06EC1227998192007042F6 /* GraphCapsule.swift */,
				6A06EC1327998192007042F6 /* HikeGraph.swift */,
				6A06EC1427998192007042F6 /* HikeDetail.swift */,
				6A06EC1527998192007042F6 /* HikeView.swift */,
			);
			path = HikeGraphViews;
			sourceTree = "<group>";
		};
		6A06EC1A279CF9A9007042F6 /* CategoryViews */ = {
			isa = PBXGroup;
			children = (
				6A06EC1B279CF9DB007042F6 /* CategoryHome.swift */,
				6AFF8D9A279CFD21009B1E21 /* CategoryRow.swift */,
				6AFF8D9C279CFF87009B1E21 /* CategoryItem.swift */,
			);
			path = CategoryViews;
			sourceTree = "<group>";
		};
		6A2BF731278EB7EF0016184A = {
			isa = PBXGroup;
			children = (
				6A2BF73C278EB7EF0016184A /* SwiftUI-Tutorial-Landmarks */,
				6A2BF73B278EB7EF0016184A /* Products */,
			);
			sourceTree = "<group>";
		};
		6A2BF73B278EB7EF0016184A /* Products */ = {
			isa = PBXGroup;
			children = (
				6A2BF73A278EB7EF0016184A /* SwiftUI-Tutorial-Landmarks.app */,
			);
			name = Products;
			sourceTree = "<group>";
		};
		6A2BF73C278EB7EF0016184A /* SwiftUI-Tutorial-Landmarks */ = {
			isa = PBXGroup;
			children = (
				6ABE2A3F27954310003FE0C0 /* SwiftUI-Tutorial-Landmarks.entitlements */,
				6ABE2A3D2793126A003FE0C0 /* Views */,
				6A2BF73D278EB7EF0016184A /* SwiftUI_Tutorial_LandmarksApp.swift */,
				6A55BFD5278EC9360008CE45 /* Resources */,
				6A55BFDB278ED0940008CE45 /* Models */,
				6A2BF741278EB7F00016184A /* Assets.xcassets */,
				6A2BF743278EB7F00016184A /* Preview Content */,
			);
			path = "SwiftUI-Tutorial-Landmarks";
			sourceTree = "<group>";
		};
		6A2BF743278EB7F00016184A /* Preview Content */ = {
			isa = PBXGroup;
			children = (
				6A2BF744278EB7F00016184A /* Preview Assets.xcassets */,
			);
			path = "Preview Content";
			sourceTree = "<group>";
		};
		6A55BFD5278EC9360008CE45 /* Resources */ = {
			isa = PBXGroup;
			children = (
				6A06EC0D27997F20007042F6 /* hikeData.json */,
				6A55BFD3278EC87E0008CE45 /* landmarkData.json */,
			);
			path = Resources;
			sourceTree = "<group>";
		};
		6A55BFDA278ED0870008CE45 /* LandmarkViews */ = {
			isa = PBXGroup;
			children = (
				6A55BFDC278ED3820008CE45 /* LandmarkRow.swift */,
				6A55BFDE278EE7110008CE45 /* LandmarkList.swift */,
				6A55BFE0278EEE740008CE45 /* LandmarkDetail.swift */,
			);
			path = LandmarkViews;
			sourceTree = "<group>";
		};
		6A55BFDB278ED0940008CE45 /* Models */ = {
			isa = PBXGroup;
			children = (
				6A55BFD6278EC9C70008CE45 /* Landmark.swift */,
				6A55BFD8278ECDA30008CE45 /* ModelData.swift */,
				6A06EC0F27997F5D007042F6 /* Hike.swift */,
			);
			path = Models;
			sourceTree = "<group>";
		};
		6ABE2A3D2793126A003FE0C0 /* Views */ = {
			isa = PBXGroup;
			children = (
				6A06EC1A279CF9A9007042F6 /* CategoryViews */,
				6A06EC1127998192007042F6 /* HikeGraphViews */,
				6A06EC0A27996B56007042F6 /* BadgeViews */,
				6A55BFDA278ED0870008CE45 /* LandmarkViews */,
				6A2BF73F278EB7EF0016184A /* ContentView.swift */,
				6ABE2A3E279312DC003FE0C0 /* HelperViews */,
			);
			path = Views;
			sourceTree = "<group>";
		};
		6ABE2A3E279312DC003FE0C0 /* HelperViews */ = {
			isa = PBXGroup;
			children = (
				6AA2F6AF278EBA5400562663 /* CircleImage.swift */,
				6A672AE6278EBC60007D9780 /* MapView.swift */,
				6ABE2A3A27930E9F003FE0C0 /* FavoriteButton.swift */,
			);
			path = HelperViews;
			sourceTree = "<group>";
		};
/* End PBXGroup section */

/* Begin PBXNativeTarget section */
		6A2BF739278EB7EF0016184A /* SwiftUI-Tutorial-Landmarks */ = {
			isa = PBXNativeTarget;
			buildConfigurationList = 6A2BF748278EB7F00016184A /* Build configuration list for PBXNativeTarget "SwiftUI-Tutorial-Landmarks" */;
			buildPhases = (
				6A2BF736278EB7EF0016184A /* Sources */,
				6A2BF737278EB7EF0016184A /* Frameworks */,
				6A2BF738278EB7EF0016184A /* Resources */,
			);
			buildRules = (
			);
			dependencies = (
			);
			name = "SwiftUI-Tutorial-Landmarks";
			productName = "SwiftUI-Tutorial-Landmarks";
			productReference = 6A2BF73A278EB7EF0016184A /* SwiftUI-Tutorial-Landmarks.app */;
			productType = "com.apple.product-type.application";
		};
/* End PBXNativeTarget section */

/* Begin PBXProject section */
		6A2BF732278EB7EF0016184A /* Project object */ = {
			isa = PBXProject;
			attributes = {
				BuildIndependentTargetsInParallel = 1;
				LastSwiftUpdateCheck = 1320;
				LastUpgradeCheck = 1320;
				TargetAttributes = {
					6A2BF739278EB7EF0016184A = {
						CreatedOnToolsVersion = 13.2;
					};
				};
			};
			buildConfigurationList = 6A2BF735278EB7EF0016184A /* Build configuration list for PBXProject "SwiftUI-Tutorial-Landmarks" */;
			compatibilityVersion = "Xcode 13.0";
			developmentRegion = en;
			hasScannedForEncodings = 0;
			knownRegions = (
				en,
				Base,
			);
			mainGroup = 6A2BF731278EB7EF0016184A;
			productRefGroup = 6A2BF73B278EB7EF0016184A /* Products */;
			projectDirPath = "";
			projectRoot = "";
			targets = (
				6A2BF739278EB7EF0016184A /* SwiftUI-Tutorial-Landmarks */,
			);
		};
/* End PBXProject section */

/* Begin PBXResourcesBuildPhase section */
		6A2BF738278EB7EF0016184A /* Resources */ = {
			isa = PBXResourcesBuildPhase;
			buildActionMask = 2147483647;
			files = (
				6A06EC0E27997F20007042F6 /* hikeData.json in Resources */,
				6A2BF745278EB7F00016184A /* Preview Assets.xcassets in Resources */,
				6A2BF742278EB7F00016184A /* Assets.xcassets in Resources */,
				6A55BFD4278EC87E0008CE45 /* landmarkData.json in Resources */,
			);
			runOnlyForDeploymentPostprocessing = 0;
		};
/* End PBXResourcesBuildPhase section */

/* Begin PBXSourcesBuildPhase section */
		6A2BF736278EB7EF0016184A /* Sources */ = {
			isa = PBXSourcesBuildPhase;
			buildActionMask = 2147483647;
			files = (
				6AFF8D9B279CFD21009B1E21 /* CategoryRow.swift in Sources */,
				6A2BF740278EB7EF0016184A /* ContentView.swift in Sources */,
				6A06EC1C279CF9DB007042F6 /* CategoryHome.swift in Sources */,
				6A06EC1727998192007042F6 /* HikeGraph.swift in Sources */,
				6A06EC09279959CA007042F6 /* Badge.swift in Sources */,
				6A672AE7278EBC60007D9780 /* MapView.swift in Sources */,
				6A06EC1627998192007042F6 /* GraphCapsule.swift in Sources */,
				6A2BF73E278EB7EF0016184A /* SwiftUI_Tutorial_LandmarksApp.swift in Sources */,
				6ABE2A3B27930E9F003FE0C0 /* FavoriteButton.swift in Sources */,
				6AFF8D9D279CFF87009B1E21 /* CategoryItem.swift in Sources */,
				6A06EC1827998192007042F6 /* HikeDetail.swift in Sources */,
				6ABE2A41279549CC003FE0C0 /* HexagonParameters.swift in Sources */,
				6A06EC1027997F5D007042F6 /* Hike.swift in Sources */,
				6A06EC0727991782007042F6 /* RotatedBadgeSymbol.swift in Sources */,
				6A06EC0527990FBE007042F6 /* BadgeSymbol.swift in Sources */,
				6A55BFDF278EE7110008CE45 /* LandmarkList.swift in Sources */,
				6A06EC1927998192007042F6 /* HikeView.swift in Sources */,
				6A55BFE1278EEE740008CE45 /* LandmarkDetail.swift in Sources */,
				6ABE2A4327954F68003FE0C0 /* BadgeBackground.swift in Sources */,
				6AA2F6B0278EBA5400562663 /* CircleImage.swift in Sources */,
				6A55BFD7278EC9C70008CE45 /* Landmark.swift in Sources */,
				6A55BFDD278ED3820008CE45 /* LandmarkRow.swift in Sources */,
				6A55BFD9278ECDA30008CE45 /* ModelData.swift in Sources */,
			);
			runOnlyForDeploymentPostprocessing = 0;
		};
/* End PBXSourcesBuildPhase section */

/* Begin XCBuildConfiguration section */
		6A2BF746278EB7F00016184A /* Debug */ = {
			isa = XCBuildConfiguration;
			buildSettings = {
				ALWAYS_SEARCH_USER_PATHS = NO;
				CLANG_ANALYZER_NONNULL = YES;
				CLANG_ANALYZER_NUMBER_OBJECT_CONVERSION = YES_AGGRESSIVE;
				CLANG_CXX_LANGUAGE_STANDARD = "gnu++17";
				CLANG_CXX_LIBRARY = "libc++";
				CLANG_ENABLE_MODULES = YES;
				CLANG_ENABLE_OBJC_ARC = YES;
				CLANG_ENABLE_OBJC_WEAK = YES;
				CLANG_WARN_BLOCK_CAPTURE_AUTORELEASING = YES;
				CLANG_WARN_BOOL_CONVERSION = YES;
				CLANG_WARN_COMMA = YES;
				CLANG_WARN_CONSTANT_CONVERSION = YES;
				CLANG_WARN_DEPRECATED_OBJC_IMPLEMENTATIONS = YES;
				CLANG_WARN_DIRECT_OBJC_ISA_USAGE = YES_ERROR;
				CLANG_WARN_DOCUMENTATION_COMMENTS = YES;
				CLANG_WARN_EMPTY_BODY = YES;
				CLANG_WARN_ENUM_CONVERSION = YES;
				CLANG_WARN_INFINITE_RECURSION = YES;
				CLANG_WARN_INT_CONVERSION = YES;
				CLANG_WARN_NON_LITERAL_NULL_CONVERSION = YES;
				CLANG_WARN_OBJC_IMPLICIT_RETAIN_SELF = YES;
				CLANG_WARN_OBJC_LITERAL_CONVERSION = YES;
				CLANG_WARN_OBJC_ROOT_CLASS = YES_ERROR;
				CLANG_WARN_QUOTED_INCLUDE_IN_FRAMEWORK_HEADER = YES;
				CLANG_WARN_RANGE_LOOP_ANALYSIS = YES;
				CLANG_WARN_STRICT_PROTOTYPES = YES;
				CLANG_WARN_SUSPICIOUS_MOVE = YES;
				CLANG_WARN_UNGUARDED_AVAILABILITY = YES_AGGRESSIVE;
				CLANG_WARN_UNREACHABLE_CODE = YES;
				CLANG_WARN__DUPLICATE_METHOD_MATCH = YES;
				COPY_PHASE_STRIP = NO;
				DEBUG_INFORMATION_FORMAT = dwarf;
				ENABLE_STRICT_OBJC_MSGSEND = YES;
				ENABLE_TESTABILITY = YES;
				GCC_C_LANGUAGE_STANDARD = gnu11;
				GCC_DYNAMIC_NO_PIC = NO;
				GCC_NO_COMMON_BLOCKS = YES;
				GCC_OPTIMIZATION_LEVEL = 0;
				GCC_PREPROCESSOR_DEFINITIONS = (
					"DEBUG=1",
					"$(inherited)",
				);
				GCC_WARN_64_TO_32_BIT_CONVERSION = YES;
				GCC_WARN_ABOUT_RETURN_TYPE = YES_ERROR;
				GCC_WARN_UNDECLARED_SELECTOR = YES;
				GCC_WARN_UNINITIALIZED_AUTOS = YES_AGGRESSIVE;
				GCC_WARN_UNUSED_FUNCTION = YES;
				GCC_WARN_UNUSED_VARIABLE = YES;
				IPHONEOS_DEPLOYMENT_TARGET = 15.2;
				MTL_ENABLE_DEBUG_INFO = INCLUDE_SOURCE;
				MTL_FAST_MATH = YES;
				ONLY_ACTIVE_ARCH = YES;
				SDKROOT = iphoneos;
				SWIFT_ACTIVE_COMPILATION_CONDITIONS = DEBUG;
				SWIFT_OPTIMIZATION_LEVEL = "-Onone";
			};
			name = Debug;
		};
		6A2BF747278EB7F00016184A /* Release */ = {
			isa = XCBuildConfiguration;
			buildSettings = {
				ALWAYS_SEARCH_USER_PATHS = NO;
				CLANG_ANALYZER_NONNULL = YES;
				CLANG_ANALYZER_NUMBER_OBJECT_CONVERSION = YES_AGGRESSIVE;
				CLANG_CXX_LANGUAGE_STANDARD = "gnu++17";
				CLANG_CXX_LIBRARY = "libc++";
				CLANG_ENABLE_MODULES = YES;
				CLANG_ENABLE_OBJC_ARC = YES;
				CLANG_ENABLE_OBJC_WEAK = YES;
				CLANG_WARN_BLOCK_CAPTURE_AUTORELEASING = YES;
				CLANG_WARN_BOOL_CONVERSION = YES;
				CLANG_WARN_COMMA = YES;
				CLANG_WARN_CONSTANT_CONVERSION = YES;
				CLANG_WARN_DEPRECATED_OBJC_IMPLEMENTATIONS = YES;
				CLANG_WARN_DIRECT_OBJC_ISA_USAGE = YES_ERROR;
				CLANG_WARN_DOCUMENTATION_COMMENTS = YES;
				CLANG_WARN_EMPTY_BODY = YES;
				CLANG_WARN_ENUM_CONVERSION = YES;
				CLANG_WARN_INFINITE_RECURSION = YES;
				CLANG_WARN_INT_CONVERSION = YES;
				CLANG_WARN_NON_LITERAL_NULL_CONVERSION = YES;
				CLANG_WARN_OBJC_IMPLICIT_RETAIN_SELF = YES;
				CLANG_WARN_OBJC_LITERAL_CONVERSION = YES;
				CLANG_WARN_OBJC_ROOT_CLASS = YES_ERROR;
				CLANG_WARN_QUOTED_INCLUDE_IN_FRAMEWORK_HEADER = YES;
				CLANG_WARN_RANGE_LOOP_ANALYSIS = YES;
				CLANG_WARN_STRICT_PROTOTYPES = YES;
				CLANG_WARN_SUSPICIOUS_MOVE = YES;
				CLANG_WARN_UNGUARDED_AVAILABILITY = YES_AGGRESSIVE;
				CLANG_WARN_UNREACHABLE_CODE = YES;
				CLANG_WARN__DUPLICATE_METHOD_MATCH = YES;
				COPY_PHASE_STRIP = NO;
				DEBUG_INFORMATION_FORMAT = "dwarf-with-dsym";
				ENABLE_NS_ASSERTIONS = NO;
				ENABLE_STRICT_OBJC_MSGSEND = YES;
				GCC_C_LANGUAGE_STANDARD = gnu11;
				GCC_NO_COMMON_BLOCKS = YES;
				GCC_WARN_64_TO_32_BIT_CONVERSION = YES;
				GCC_WARN_ABOUT_RETURN_TYPE = YES_ERROR;
				GCC_WARN_UNDECLARED_SELECTOR = YES;
				GCC_WARN_UNINITIALIZED_AUTOS = YES_AGGRESSIVE;
				GCC_WARN_UNUSED_FUNCTION = YES;
				GCC_WARN_UNUSED_VARIABLE = YES;
				IPHONEOS_DEPLOYMENT_TARGET = 15.2;
				MTL_ENABLE_DEBUG_INFO = NO;
				MTL_FAST_MATH = YES;
				SDKROOT = iphoneos;
				SWIFT_COMPILATION_MODE = wholemodule;
				SWIFT_OPTIMIZATION_LEVEL = "-O";
				VALIDATE_PRODUCT = YES;
			};
			name = Release;
		};
		6A2BF749278EB7F00016184A /* Debug */ = {
			isa = XCBuildConfiguration;
			buildSettings = {
				ASSETCATALOG_COMPILER_APPICON_NAME = AppIcon;
				ASSETCATALOG_COMPILER_GLOBAL_ACCENT_COLOR_NAME = AccentColor;
				CODE_SIGN_ENTITLEMENTS = "SwiftUI-Tutorial-Landmarks/SwiftUI-Tutorial-Landmarks.entitlements";
				CODE_SIGN_STYLE = Automatic;
				CURRENT_PROJECT_VERSION = 1;
				DEVELOPMENT_ASSET_PATHS = "\"SwiftUI-Tutorial-Landmarks/Preview Content\"";
				DEVELOPMENT_TEAM = V9Y34M3SVM;
				ENABLE_PREVIEWS = YES;
				GENERATE_INFOPLIST_FILE = YES;
				INFOPLIST_KEY_UIApplicationSceneManifest_Generation = YES;
				INFOPLIST_KEY_UIApplicationSupportsIndirectInputEvents = YES;
				INFOPLIST_KEY_UILaunchScreen_Generation = YES;
				INFOPLIST_KEY_UISupportedInterfaceOrientations_iPad = "UIInterfaceOrientationPortrait UIInterfaceOrientationPortraitUpsideDown UIInterfaceOrientationLandscapeLeft UIInterfaceOrientationLandscapeRight";
				INFOPLIST_KEY_UISupportedInterfaceOrientations_iPhone = "UIInterfaceOrientationPortrait UIInterfaceOrientationLandscapeLeft UIInterfaceOrientationLandscapeRight";
				LD_RUNPATH_SEARCH_PATHS = (
					"$(inherited)",
					"@executable_path/Frameworks",
				);
				MARKETING_VERSION = 1.0;
				PRODUCT_BUNDLE_IDENTIFIER = "xl.SwiftUI-Tutorial-Landmarks";
				PRODUCT_NAME = "$(TARGET_NAME)";
				SUPPORTS_MACCATALYST = NO;
				SWIFT_EMIT_LOC_STRINGS = YES;
				SWIFT_VERSION = 5.0;
				TARGETED_DEVICE_FAMILY = "1,2";
			};
			name = Debug;
		};
		6A2BF74A278EB7F00016184A /* Release */ = {
			isa = XCBuildConfiguration;
			buildSettings = {
				ASSETCATALOG_COMPILER_APPICON_NAME = AppIcon;
				ASSETCATALOG_COMPILER_GLOBAL_ACCENT_COLOR_NAME = AccentColor;
				CODE_SIGN_ENTITLEMENTS = "SwiftUI-Tutorial-Landmarks/SwiftUI-Tutorial-Landmarks.entitlements";
				CODE_SIGN_STYLE = Automatic;
				CURRENT_PROJECT_VERSION = 1;
				DEVELOPMENT_ASSET_PATHS = "\"SwiftUI-Tutorial-Landmarks/Preview Content\"";
				DEVELOPMENT_TEAM = V9Y34M3SVM;
				ENABLE_PREVIEWS = YES;
				GENERATE_INFOPLIST_FILE = YES;
				INFOPLIST_KEY_UIApplicationSceneManifest_Generation = YES;
				INFOPLIST_KEY_UIApplicationSupportsIndirectInputEvents = YES;
				INFOPLIST_KEY_UILaunchScreen_Generation = YES;
				INFOPLIST_KEY_UISupportedInterfaceOrientations_iPad = "UIInterfaceOrientationPortrait UIInterfaceOrientationPortraitUpsideDown UIInterfaceOrientationLandscapeLeft UIInterfaceOrientationLandscapeRight";
				INFOPLIST_KEY_UISupportedInterfaceOrientations_iPhone = "UIInterfaceOrientationPortrait UIInterfaceOrientationLandscapeLeft UIInterfaceOrientationLandscapeRight";
				LD_RUNPATH_SEARCH_PATHS = (
					"$(inherited)",
					"@executable_path/Frameworks",
				);
				MARKETING_VERSION = 1.0;
				PRODUCT_BUNDLE_IDENTIFIER = "xl.SwiftUI-Tutorial-Landmarks";
				PRODUCT_NAME = "$(TARGET_NAME)";
				SUPPORTS_MACCATALYST = NO;
				SWIFT_EMIT_LOC_STRINGS = YES;
				SWIFT_VERSION = 5.0;
				TARGETED_DEVICE_FAMILY = "1,2";
			};
			name = Release;
		};
/* End XCBuildConfiguration section */

/* Begin XCConfigurationList section */
		6A2BF735278EB7EF0016184A /* Build configuration list for PBXProject "SwiftUI-Tutorial-Landmarks" */ = {
			isa = XCConfigurationList;
			buildConfigurations = (
				6A2BF746278EB7F00016184A /* Debug */,
				6A2BF747278EB7F00016184A /* Release */,
			);
			defaultConfigurationIsVisible = 0;
			defaultConfigurationName = Release;
		};
		6A2BF748278EB7F00016184A /* Build configuration list for PBXNativeTarget "SwiftUI-Tutorial-Landmarks" */ = {
			isa = XCConfigurationList;
			buildConfigurations = (
				6A2BF749278EB7F00016184A /* Debug */,
				6A2BF74A278EB7F00016184A /* Release */,
			);
			defaultConfigurationIsVisible = 0;
			defaultConfigurationName = Release;
		};
/* End XCConfigurationList section */
	};
	rootObject = 6A2BF732278EB7EF0016184A /* Project object */;
}
